// !$*UTF8*$!
{
	archiveVersion = 1;
	classes = {
	};
	objectVersion = 55;
	objects = {

/* Begin PBXBuildFile section */
		F6AA190B28AB7C2A00F1876D /* AppDelegate.swift in Sources */ = {isa = PBXBuildFile; fileRef = F6AA190A28AB7C2A00F1876D /* AppDelegate.swift */; };
		F6AA190D28AB7C2A00F1876D /* SceneDelegate.swift in Sources */ = {isa = PBXBuildFile; fileRef = F6AA190C28AB7C2A00F1876D /* SceneDelegate.swift */; };
		F6AA190F28AB7C2A00F1876D /* ViewController.swift in Sources */ = {isa = PBXBuildFile; fileRef = F6AA190E28AB7C2A00F1876D /* ViewController.swift */; };
		F6AA191228AB7C2A00F1876D /* Main.storyboard in Resources */ = {isa = PBXBuildFile; fileRef = F6AA191028AB7C2A00F1876D /* Main.storyboard */; };
		F6AA191428AB7C2B00F1876D /* Assets.xcassets in Resources */ = {isa = PBXBuildFile; fileRef = F6AA191328AB7C2B00F1876D /* Assets.xcassets */; };
		F6AA191728AB7C2B00F1876D /* LaunchScreen.storyboard in Resources */ = {isa = PBXBuildFile; fileRef = F6AA191528AB7C2B00F1876D /* LaunchScreen.storyboard */; };
		F6AA192228AB7C6A00F1876D /* WeatherModel.swift in Sources */ = {isa = PBXBuildFile; fileRef = F6AA192128AB7C6A00F1876D /* WeatherModel.swift */; };
		F6AA192428AB7EA900F1876D /* .gitignore in Resources */ = {isa = PBXBuildFile; fileRef = F6AA192328AB7EA900F1876D /* .gitignore */; };
		F6AA192728AB7ED900F1876D /* APIKey.swift in Sources */ = {isa = PBXBuildFile; fileRef = F6AA192628AB7ED900F1876D /* APIKey.swift */; };
		F6AA192928AB82C100F1876D /* EndPoint.swift in Sources */ = {isa = PBXBuildFile; fileRef = F6AA192828AB82C100F1876D /* EndPoint.swift */; };
		F6AA192B28AB82CC00F1876D /* APIManager.swift in Sources */ = {isa = PBXBuildFile; fileRef = F6AA192A28AB82CC00F1876D /* APIManager.swift */; };
		F6AA192E28AB85B000F1876D /* Alamofire in Frameworks */ = {isa = PBXBuildFile; productRef = F6AA192D28AB85B000F1876D /* Alamofire */; };
		F6AA193128AB85BB00F1876D /* SwiftyJSON in Frameworks */ = {isa = PBXBuildFile; productRef = F6AA193028AB85BB00F1876D /* SwiftyJSON */; };
		F6AA193C28ABA3CA00F1876D /* Kingfisher in Frameworks */ = {isa = PBXBuildFile; productRef = F6AA193B28ABA3CA00F1876D /* Kingfisher */; };
		F6AA194228ABAD3500F1876D /* WeatherImageView.xib in Resources */ = {isa = PBXBuildFile; fileRef = F6AA194128ABAD3500F1876D /* WeatherImageView.xib */; };
		F6AA194428ABAD4A00F1876D /* WeatherImageView.swift in Sources */ = {isa = PBXBuildFile; fileRef = F6AA194328ABAD4A00F1876D /* WeatherImageView.swift */; };
		F6AA194828ABADAE00F1876D /* ContentLableView.swift in Sources */ = {isa = PBXBuildFile; fileRef = F6AA194728ABADAE00F1876D /* ContentLableView.swift */; };
		F6AA194A28ABAE0700F1876D /* ContentLableView.xib in Resources */ = {isa = PBXBuildFile; fileRef = F6AA194928ABAE0700F1876D /* ContentLableView.xib */; };
		F6AA194D28ABAFFD00F1876D /* ImageTableViewCell.swift in Sources */ = {isa = PBXBuildFile; fileRef = F6AA194B28ABAFFD00F1876D /* ImageTableViewCell.swift */; };
		F6AA194E28ABAFFD00F1876D /* ImageTableViewCell.xib in Resources */ = {isa = PBXBuildFile; fileRef = F6AA194C28ABAFFD00F1876D /* ImageTableViewCell.xib */; };
		F6AA195128ABB00B00F1876D /* TextTableViewCell.swift in Sources */ = {isa = PBXBuildFile; fileRef = F6AA194F28ABB00B00F1876D /* TextTableViewCell.swift */; };
		F6AA195228ABB00B00F1876D /* TextTableViewCell.xib in Resources */ = {isa = PBXBuildFile; fileRef = F6AA195028ABB00B00F1876D /* TextTableViewCell.xib */; };
/* End PBXBuildFile section */

/* Begin PBXFileReference section */
		F6AA190728AB7C2A00F1876D /* SeSAC Week6 OpenWeather API.app */ = {isa = PBXFileReference; explicitFileType = wrapper.application; includeInIndex = 0; path = "SeSAC Week6 OpenWeather API.app"; sourceTree = BUILT_PRODUCTS_DIR; };
		F6AA190A28AB7C2A00F1876D /* AppDelegate.swift */ = {isa = PBXFileReference; lastKnownFileType = sourcecode.swift; path = AppDelegate.swift; sourceTree = "<group>"; };
		F6AA190C28AB7C2A00F1876D /* SceneDelegate.swift */ = {isa = PBXFileReference; lastKnownFileType = sourcecode.swift; path = SceneDelegate.swift; sourceTree = "<group>"; };
		F6AA190E28AB7C2A00F1876D /* ViewController.swift */ = {isa = PBXFileReference; lastKnownFileType = sourcecode.swift; path = ViewController.swift; sourceTree = "<group>"; };
		F6AA191128AB7C2A00F1876D /* Base */ = {isa = PBXFileReference; lastKnownFileType = file.storyboard; name = Base; path = Base.lproj/Main.storyboard; sourceTree = "<group>"; };
		F6AA191328AB7C2B00F1876D /* Assets.xcassets */ = {isa = PBXFileReference; lastKnownFileType = folder.assetcatalog; path = Assets.xcassets; sourceTree = "<group>"; };
		F6AA191628AB7C2B00F1876D /* Base */ = {isa = PBXFileReference; lastKnownFileType = file.storyboard; name = Base; path = Base.lproj/LaunchScreen.storyboard; sourceTree = "<group>"; };
		F6AA191828AB7C2B00F1876D /* Info.plist */ = {isa = PBXFileReference; lastKnownFileType = text.plist.xml; path = Info.plist; sourceTree = "<group>"; };
		F6AA192128AB7C6A00F1876D /* WeatherModel.swift */ = {isa = PBXFileReference; lastKnownFileType = sourcecode.swift; path = WeatherModel.swift; sourceTree = "<group>"; };
		F6AA192328AB7EA900F1876D /* .gitignore */ = {isa = PBXFileReference; lastKnownFileType = text; path = .gitignore; sourceTree = "<group>"; };
		F6AA192628AB7ED900F1876D /* APIKey.swift */ = {isa = PBXFileReference; lastKnownFileType = sourcecode.swift; path = APIKey.swift; sourceTree = "<group>"; };
		F6AA192828AB82C100F1876D /* EndPoint.swift */ = {isa = PBXFileReference; lastKnownFileType = sourcecode.swift; path = EndPoint.swift; sourceTree = "<group>"; };
		F6AA192A28AB82CC00F1876D /* APIManager.swift */ = {isa = PBXFileReference; lastKnownFileType = sourcecode.swift; path = APIManager.swift; sourceTree = "<group>"; };
		F6AA194128ABAD3500F1876D /* WeatherImageView.xib */ = {isa = PBXFileReference; lastKnownFileType = file.xib; path = WeatherImageView.xib; sourceTree = "<group>"; };
		F6AA194328ABAD4A00F1876D /* WeatherImageView.swift */ = {isa = PBXFileReference; lastKnownFileType = sourcecode.swift; path = WeatherImageView.swift; sourceTree = "<group>"; };
		F6AA194728ABADAE00F1876D /* ContentLableView.swift */ = {isa = PBXFileReference; lastKnownFileType = sourcecode.swift; path = ContentLableView.swift; sourceTree = "<group>"; };
		F6AA194928ABAE0700F1876D /* ContentLableView.xib */ = {isa = PBXFileReference; lastKnownFileType = file.xib; path = ContentLableView.xib; sourceTree = "<group>"; };
		F6AA194B28ABAFFD00F1876D /* ImageTableViewCell.swift */ = {isa = PBXFileReference; lastKnownFileType = sourcecode.swift; path = ImageTableViewCell.swift; sourceTree = "<group>"; };
		F6AA194C28ABAFFD00F1876D /* ImageTableViewCell.xib */ = {isa = PBXFileReference; lastKnownFileType = file.xib; path = ImageTableViewCell.xib; sourceTree = "<group>"; };
		F6AA194F28ABB00B00F1876D /* TextTableViewCell.swift */ = {isa = PBXFileReference; lastKnownFileType = sourcecode.swift; path = TextTableViewCell.swift; sourceTree = "<group>"; };
		F6AA195028ABB00B00F1876D /* TextTableViewCell.xib */ = {isa = PBXFileReference; lastKnownFileType = file.xib; path = TextTableViewCell.xib; sourceTree = "<group>"; };
/* End PBXFileReference section */

/* Begin PBXFrameworksBuildPhase section */
		F6AA190428AB7C2A00F1876D /* Frameworks */ = {
			isa = PBXFrameworksBuildPhase;
			buildActionMask = 2147483647;
			files = (
				F6AA193C28ABA3CA00F1876D /* Kingfisher in Frameworks */,
				F6AA193128AB85BB00F1876D /* SwiftyJSON in Frameworks */,
				F6AA192E28AB85B000F1876D /* Alamofire in Frameworks */,
			);
			runOnlyForDeploymentPostprocessing = 0;
		};
/* End PBXFrameworksBuildPhase section */

/* Begin PBXGroup section */
		F6AA18FE28AB7C2A00F1876D = {
			isa = PBXGroup;
			children = (
				F6AA192328AB7EA900F1876D /* .gitignore */,
				F6AA190928AB7C2A00F1876D /* SeSAC Week6 OpenWeather API */,
				F6AA190828AB7C2A00F1876D /* Products */,
			);
			sourceTree = "<group>";
		};
		F6AA190828AB7C2A00F1876D /* Products */ = {
			isa = PBXGroup;
			children = (
				F6AA190728AB7C2A00F1876D /* SeSAC Week6 OpenWeather API.app */,
			);
			name = Products;
			sourceTree = "<group>";
		};
		F6AA190928AB7C2A00F1876D /* SeSAC Week6 OpenWeather API */ = {
			isa = PBXGroup;
			children = (
				F6AA192528AB7EC500F1876D /* Key */,
				F6AA191E28AB7C3A00F1876D /* Model */,
				F6AA192028AB7C4300F1876D /* Controllers */,
				F6AA191F28AB7C3E00F1876D /* View */,
				F6AA191328AB7C2B00F1876D /* Assets.xcassets */,
				F6AA191528AB7C2B00F1876D /* LaunchScreen.storyboard */,
				F6AA191828AB7C2B00F1876D /* Info.plist */,
			);
			path = "SeSAC Week6 OpenWeather API";
			sourceTree = "<group>";
		};
		F6AA191E28AB7C3A00F1876D /* Model */ = {
			isa = PBXGroup;
			children = (
				F6AA192128AB7C6A00F1876D /* WeatherModel.swift */,
				F6AA192828AB82C100F1876D /* EndPoint.swift */,
				F6AA192A28AB82CC00F1876D /* APIManager.swift */,
			);
			path = Model;
			sourceTree = "<group>";
		};
		F6AA191F28AB7C3E00F1876D /* View */ = {
			isa = PBXGroup;
			children = (
				F6AA191028AB7C2A00F1876D /* Main.storyboard */,
				F6AA194328ABAD4A00F1876D /* WeatherImageView.swift */,
				F6AA194128ABAD3500F1876D /* WeatherImageView.xib */,
				F6AA194728ABADAE00F1876D /* ContentLableView.swift */,
				F6AA194928ABAE0700F1876D /* ContentLableView.xib */,
				F6AA194B28ABAFFD00F1876D /* ImageTableViewCell.swift */,
				F6AA194C28ABAFFD00F1876D /* ImageTableViewCell.xib */,
				F6AA194F28ABB00B00F1876D /* TextTableViewCell.swift */,
				F6AA195028ABB00B00F1876D /* TextTableViewCell.xib */,
			);
			path = View;
			sourceTree = "<group>";
		};
		F6AA192028AB7C4300F1876D /* Controllers */ = {
			isa = PBXGroup;
			children = (
				F6AA190E28AB7C2A00F1876D /* ViewController.swift */,
				F6AA190A28AB7C2A00F1876D /* AppDelegate.swift */,
				F6AA190C28AB7C2A00F1876D /* SceneDelegate.swift */,
			);
			path = Controllers;
			sourceTree = "<group>";
		};
		F6AA192528AB7EC500F1876D /* Key */ = {
			isa = PBXGroup;
			children = (
				F6AA192628AB7ED900F1876D /* APIKey.swift */,
			);
			path = Key;
			sourceTree = "<group>";
		};
/* End PBXGroup section */

/* Begin PBXNativeTarget section */
		F6AA190628AB7C2A00F1876D /* SeSAC Week6 OpenWeather API */ = {
			isa = PBXNativeTarget;
			buildConfigurationList = F6AA191B28AB7C2B00F1876D /* Build configuration list for PBXNativeTarget "SeSAC Week6 OpenWeather API" */;
			buildPhases = (
				F6AA190328AB7C2A00F1876D /* Sources */,
				F6AA190428AB7C2A00F1876D /* Frameworks */,
				F6AA190528AB7C2A00F1876D /* Resources */,
			);
			buildRules = (
			);
			dependencies = (
			);
			name = "SeSAC Week6 OpenWeather API";
			packageProductDependencies = (
				F6AA192D28AB85B000F1876D /* Alamofire */,
				F6AA193028AB85BB00F1876D /* SwiftyJSON */,
				F6AA193B28ABA3CA00F1876D /* Kingfisher */,
			);
			productName = "SeSAC Week6 OpenWeather API";
			productReference = F6AA190728AB7C2A00F1876D /* SeSAC Week6 OpenWeather API.app */;
			productType = "com.apple.product-type.application";
		};
/* End PBXNativeTarget section */

/* Begin PBXProject section */
		F6AA18FF28AB7C2A00F1876D /* Project object */ = {
			isa = PBXProject;
			attributes = {
				BuildIndependentTargetsInParallel = 1;
				LastSwiftUpdateCheck = 1340;
				LastUpgradeCheck = 1340;
				TargetAttributes = {
					F6AA190628AB7C2A00F1876D = {
						CreatedOnToolsVersion = 13.4.1;
					};
				};
			};
			buildConfigurationList = F6AA190228AB7C2A00F1876D /* Build configuration list for PBXProject "SeSAC Week6 OpenWeather API" */;
			compatibilityVersion = "Xcode 13.0";
			developmentRegion = en;
			hasScannedForEncodings = 0;
			knownRegions = (
				en,
				Base,
			);
			mainGroup = F6AA18FE28AB7C2A00F1876D;
			packageReferences = (
				F6AA192C28AB85B000F1876D /* XCRemoteSwiftPackageReference "Alamofire" */,
				F6AA192F28AB85BB00F1876D /* XCRemoteSwiftPackageReference "SwiftyJSON" */,
				F6AA193A28ABA3CA00F1876D /* XCRemoteSwiftPackageReference "Kingfisher" */,
			);
			productRefGroup = F6AA190828AB7C2A00F1876D /* Products */;
			projectDirPath = "";
			projectRoot = "";
			targets = (
				F6AA190628AB7C2A00F1876D /* SeSAC Week6 OpenWeather API */,
			);
		};
/* End PBXProject section */

/* Begin PBXResourcesBuildPhase section */
		F6AA190528AB7C2A00F1876D /* Resources */ = {
			isa = PBXResourcesBuildPhase;
			buildActionMask = 2147483647;
			files = (
				F6AA194E28ABAFFD00F1876D /* ImageTableViewCell.xib in Resources */,
				F6AA192428AB7EA900F1876D /* .gitignore in Resources */,
				F6AA194228ABAD3500F1876D /* WeatherImageView.xib in Resources */,
				F6AA191728AB7C2B00F1876D /* LaunchScreen.storyboard in Resources */,
				F6AA194A28ABAE0700F1876D /* ContentLableView.xib in Resources */,
				F6AA191428AB7C2B00F1876D /* Assets.xcassets in Resources */,
				F6AA195228ABB00B00F1876D /* TextTableViewCell.xib in Resources */,
				F6AA191228AB7C2A00F1876D /* Main.storyboard in Resources */,
			);
			runOnlyForDeploymentPostprocessing = 0;
		};
/* End PBXResourcesBuildPhase section */

/* Begin PBXSourcesBuildPhase section */
		F6AA190328AB7C2A00F1876D /* Sources */ = {
			isa = PBXSourcesBuildPhase;
			buildActionMask = 2147483647;
			files = (
				F6AA192928AB82C100F1876D /* EndPoint.swift in Sources */,
				F6AA190F28AB7C2A00F1876D /* ViewController.swift in Sources */,
				F6AA194828ABADAE00F1876D /* ContentLableView.swift in Sources */,
				F6AA190B28AB7C2A00F1876D /* AppDelegate.swift in Sources */,
				F6AA195128ABB00B00F1876D /* TextTableViewCell.swift in Sources */,
				F6AA192228AB7C6A00F1876D /* WeatherModel.swift in Sources */,
				F6AA190D28AB7C2A00F1876D /* SceneDelegate.swift in Sources */,
				F6AA192728AB7ED900F1876D /* APIKey.swift in Sources */,
				F6AA194D28ABAFFD00F1876D /* ImageTableViewCell.swift in Sources */,
				F6AA192B28AB82CC00F1876D /* APIManager.swift in Sources */,
				F6AA194428ABAD4A00F1876D /* WeatherImageView.swift in Sources */,
			);
			runOnlyForDeploymentPostprocessing = 0;
		};
/* End PBXSourcesBuildPhase section */

/* Begin PBXVariantGroup section */
		F6AA191028AB7C2A00F1876D /* Main.storyboard */ = {
			isa = PBXVariantGroup;
			children = (
				F6AA191128AB7C2A00F1876D /* Base */,
			);
			name = Main.storyboard;
			sourceTree = "<group>";
		};
		F6AA191528AB7C2B00F1876D /* LaunchScreen.storyboard */ = {
			isa = PBXVariantGroup;
			children = (
				F6AA191628AB7C2B00F1876D /* Base */,
			);
			name = LaunchScreen.storyboard;
			sourceTree = "<group>";
		};
/* End PBXVariantGroup section */

/* Begin XCBuildConfiguration section */
		F6AA191928AB7C2B00F1876D /* Debug */ = {
			isa = XCBuildConfiguration;
			buildSettings = {
				ALWAYS_SEARCH_USER_PATHS = NO;
				CLANG_ANALYZER_NONNULL = YES;
				CLANG_ANALYZER_NUMBER_OBJECT_CONVERSION = YES_AGGRESSIVE;
				CLANG_CXX_LANGUAGE_STANDARD = "gnu++17";
				CLANG_ENABLE_MODULES = YES;
				CLANG_ENABLE_OBJC_ARC = YES;
				CLANG_ENABLE_OBJC_WEAK = YES;
				CLANG_WARN_BLOCK_CAPTURE_AUTORELEASING = YES;
				CLANG_WARN_BOOL_CONVERSION = YES;
				CLANG_WARN_COMMA = YES;
				CLANG_WARN_CONSTANT_CONVERSION = YES;
				CLANG_WARN_DEPRECATED_OBJC_IMPLEMENTATIONS = YES;
				CLANG_WARN_DIRECT_OBJC_ISA_USAGE = YES_ERROR;
				CLANG_WARN_DOCUMENTATION_COMMENTS = YES;
				CLANG_WARN_EMPTY_BODY = YES;
				CLANG_WARN_ENUM_CONVERSION = YES;
				CLANG_WARN_INFINITE_RECURSION = YES;
				CLANG_WARN_INT_CONVERSION = YES;
				CLANG_WARN_NON_LITERAL_NULL_CONVERSION = YES;
				CLANG_WARN_OBJC_IMPLICIT_RETAIN_SELF = YES;
				CLANG_WARN_OBJC_LITERAL_CONVERSION = YES;
				CLANG_WARN_OBJC_ROOT_CLASS = YES_ERROR;
				CLANG_WARN_QUOTED_INCLUDE_IN_FRAMEWORK_HEADER = YES;
				CLANG_WARN_RANGE_LOOP_ANALYSIS = YES;
				CLANG_WARN_STRICT_PROTOTYPES = YES;
				CLANG_WARN_SUSPICIOUS_MOVE = YES;
				CLANG_WARN_UNGUARDED_AVAILABILITY = YES_AGGRESSIVE;
				CLANG_WARN_UNREACHABLE_CODE = YES;
				CLANG_WARN__DUPLICATE_METHOD_MATCH = YES;
				COPY_PHASE_STRIP = NO;
				DEBUG_INFORMATION_FORMAT = dwarf;
				ENABLE_STRICT_OBJC_MSGSEND = YES;
				ENABLE_TESTABILITY = YES;
				GCC_C_LANGUAGE_STANDARD = gnu11;
				GCC_DYNAMIC_NO_PIC = NO;
				GCC_NO_COMMON_BLOCKS = YES;
				GCC_OPTIMIZATION_LEVEL = 0;
				GCC_PREPROCESSOR_DEFINITIONS = (
					"DEBUG=1",
					"$(inherited)",
				);
				GCC_WARN_64_TO_32_BIT_CONVERSION = YES;
				GCC_WARN_ABOUT_RETURN_TYPE = YES_ERROR;
				GCC_WARN_UNDECLARED_SELECTOR = YES;
				GCC_WARN_UNINITIALIZED_AUTOS = YES_AGGRESSIVE;
				GCC_WARN_UNUSED_FUNCTION = YES;
				GCC_WARN_UNUSED_VARIABLE = YES;
				IPHONEOS_DEPLOYMENT_TARGET = 15.5;
				MTL_ENABLE_DEBUG_INFO = INCLUDE_SOURCE;
				MTL_FAST_MATH = YES;
				ONLY_ACTIVE_ARCH = YES;
				SDKROOT = iphoneos;
				SWIFT_ACTIVE_COMPILATION_CONDITIONS = DEBUG;
				SWIFT_OPTIMIZATION_LEVEL = "-Onone";
			};
			name = Debug;
		};
		F6AA191A28AB7C2B00F1876D /* Release */ = {
			isa = XCBuildConfiguration;
			buildSettings = {
				ALWAYS_SEARCH_USER_PATHS = NO;
				CLANG_ANALYZER_NONNULL = YES;
				CLANG_ANALYZER_NUMBER_OBJECT_CONVERSION = YES_AGGRESSIVE;
				CLANG_CXX_LANGUAGE_STANDARD = "gnu++17";
				CLANG_ENABLE_MODULES = YES;
				CLANG_ENABLE_OBJC_ARC = YES;
				CLANG_ENABLE_OBJC_WEAK = YES;
				CLANG_WARN_BLOCK_CAPTURE_AUTORELEASING = YES;
				CLANG_WARN_BOOL_CONVERSION = YES;
				CLANG_WARN_COMMA = YES;
				CLANG_WARN_CONSTANT_CONVERSION = YES;
				CLANG_WARN_DEPRECATED_OBJC_IMPLEMENTATIONS = YES;
				CLANG_WARN_DIRECT_OBJC_ISA_USAGE = YES_ERROR;
				CLANG_WARN_DOCUMENTATION_COMMENTS = YES;
				CLANG_WARN_EMPTY_BODY = YES;
				CLANG_WARN_ENUM_CONVERSION = YES;
				CLANG_WARN_INFINITE_RECURSION = YES;
				CLANG_WARN_INT_CONVERSION = YES;
				CLANG_WARN_NON_LITERAL_NULL_CONVERSION = YES;
				CLANG_WARN_OBJC_IMPLICIT_RETAIN_SELF = YES;
				CLANG_WARN_OBJC_LITERAL_CONVERSION = YES;
				CLANG_WARN_OBJC_ROOT_CLASS = YES_ERROR;
				CLANG_WARN_QUOTED_INCLUDE_IN_FRAMEWORK_HEADER = YES;
				CLANG_WARN_RANGE_LOOP_ANALYSIS = YES;
				CLANG_WARN_STRICT_PROTOTYPES = YES;
				CLANG_WARN_SUSPICIOUS_MOVE = YES;
				CLANG_WARN_UNGUARDED_AVAILABILITY = YES_AGGRESSIVE;
				CLANG_WARN_UNREACHABLE_CODE = YES;
				CLANG_WARN__DUPLICATE_METHOD_MATCH = YES;
				COPY_PHASE_STRIP = NO;
				DEBUG_INFORMATION_FORMAT = "dwarf-with-dsym";
				ENABLE_NS_ASSERTIONS = NO;
				ENABLE_STRICT_OBJC_MSGSEND = YES;
				GCC_C_LANGUAGE_STANDARD = gnu11;
				GCC_NO_COMMON_BLOCKS = YES;
				GCC_WARN_64_TO_32_BIT_CONVERSION = YES;
				GCC_WARN_ABOUT_RETURN_TYPE = YES_ERROR;
				GCC_WARN_UNDECLARED_SELECTOR = YES;
				GCC_WARN_UNINITIALIZED_AUTOS = YES_AGGRESSIVE;
				GCC_WARN_UNUSED_FUNCTION = YES;
				GCC_WARN_UNUSED_VARIABLE = YES;
				IPHONEOS_DEPLOYMENT_TARGET = 15.5;
				MTL_ENABLE_DEBUG_INFO = NO;
				MTL_FAST_MATH = YES;
				SDKROOT = iphoneos;
				SWIFT_COMPILATION_MODE = wholemodule;
				SWIFT_OPTIMIZATION_LEVEL = "-O";
				VALIDATE_PRODUCT = YES;
			};
			name = Release;
		};
		F6AA191C28AB7C2B00F1876D /* Debug */ = {
			isa = XCBuildConfiguration;
			buildSettings = {
				ASSETCATALOG_COMPILER_APPICON_NAME = AppIcon;
				ASSETCATALOG_COMPILER_GLOBAL_ACCENT_COLOR_NAME = AccentColor;
				CODE_SIGN_STYLE = Automatic;
				CURRENT_PROJECT_VERSION = 1;
				DEVELOPMENT_TEAM = FJNF7APGSX;
				GENERATE_INFOPLIST_FILE = YES;
				INFOPLIST_FILE = "SeSAC Week6 OpenWeather API/Info.plist";
				INFOPLIST_KEY_UIApplicationSupportsIndirectInputEvents = YES;
				INFOPLIST_KEY_UILaunchStoryboardName = LaunchScreen;
				INFOPLIST_KEY_UIMainStoryboardFile = Main;
				INFOPLIST_KEY_UISupportedInterfaceOrientations = UIInterfaceOrientationPortrait;
				INFOPLIST_KEY_UISupportedInterfaceOrientations_iPad = "UIInterfaceOrientationPortrait UIInterfaceOrientationPortraitUpsideDown UIInterfaceOrientationLandscapeLeft UIInterfaceOrientationLandscapeRight";
				INFOPLIST_KEY_UISupportedInterfaceOrientations_iPhone = "UIInterfaceOrientationPortrait UIInterfaceOrientationLandscapeLeft UIInterfaceOrientationLandscapeRight";
				LD_RUNPATH_SEARCH_PATHS = (
					"$(inherited)",
					"@executable_path/Frameworks",
				);
				MARKETING_VERSION = 1.0;
				PRODUCT_BUNDLE_IDENTIFIER = "com.rOarMJ.SeSAC-Week6-OpenWeather-API";
				PRODUCT_NAME = "$(TARGET_NAME)";
				SWIFT_EMIT_LOC_STRINGS = YES;
				SWIFT_VERSION = 5.0;
				TARGETED_DEVICE_FAMILY = 1;
			};
			name = Debug;
		};
		F6AA191D28AB7C2B00F1876D /* Release */ = {
			isa = XCBuildConfiguration;
			buildSettings = {
				ASSETCATALOG_COMPILER_APPICON_NAME = AppIcon;
				ASSETCATALOG_COMPILER_GLOBAL_ACCENT_COLOR_NAME = AccentColor;
				CODE_SIGN_STYLE = Automatic;
				CURRENT_PROJECT_VERSION = 1;
				DEVELOPMENT_TEAM = FJNF7APGSX;
				GENERATE_INFOPLIST_FILE = YES;
				INFOPLIST_FILE = "SeSAC Week6 OpenWeather API/Info.plist";
				INFOPLIST_KEY_UIApplicationSupportsIndirectInputEvents = YES;
				INFOPLIST_KEY_UILaunchStoryboardName = LaunchScreen;
				INFOPLIST_KEY_UIMainStoryboardFile = Main;
				INFOPLIST_KEY_UISupportedInterfaceOrientations = UIInterfaceOrientationPortrait;
				INFOPLIST_KEY_UISupportedInterfaceOrientations_iPad = "UIInterfaceOrientationPortrait UIInterfaceOrientationPortraitUpsideDown UIInterfaceOrientationLandscapeLeft UIInterfaceOrientationLandscapeRight";
				INFOPLIST_KEY_UISupportedInterfaceOrientations_iPhone = "UIInterfaceOrientationPortrait UIInterfaceOrientationLandscapeLeft UIInterfaceOrientationLandscapeRight";
				LD_RUNPATH_SEARCH_PATHS = (
					"$(inherited)",
					"@executable_path/Frameworks",
				);
				MARKETING_VERSION = 1.0;
				PRODUCT_BUNDLE_IDENTIFIER = "com.rOarMJ.SeSAC-Week6-OpenWeather-API";
				PRODUCT_NAME = "$(TARGET_NAME)";
				SWIFT_EMIT_LOC_STRINGS = YES;
				SWIFT_VERSION = 5.0;
				TARGETED_DEVICE_FAMILY = 1;
			};
			name = Release;
		};
/* End XCBuildConfiguration section */

/* Begin XCConfigurationList section */
		F6AA190228AB7C2A00F1876D /* Build configuration list for PBXProject "SeSAC Week6 OpenWeather API" */ = {
			isa = XCConfigurationList;
			buildConfigurations = (
				F6AA191928AB7C2B00F1876D /* Debug */,
				F6AA191A28AB7C2B00F1876D /* Release */,
			);
			defaultConfigurationIsVisible = 0;
			defaultConfigurationName = Release;
		};
		F6AA191B28AB7C2B00F1876D /* Build configuration list for PBXNativeTarget "SeSAC Week6 OpenWeather API" */ = {
			isa = XCConfigurationList;
			buildConfigurations = (
				F6AA191C28AB7C2B00F1876D /* Debug */,
				F6AA191D28AB7C2B00F1876D /* Release */,
			);
			defaultConfigurationIsVisible = 0;
			defaultConfigurationName = Release;
		};
/* End XCConfigurationList section */

/* Begin XCRemoteSwiftPackageReference section */
		F6AA192C28AB85B000F1876D /* XCRemoteSwiftPackageReference "Alamofire" */ = {
			isa = XCRemoteSwiftPackageReference;
			repositoryURL = "https://github.com/Alamofire/Alamofire";
			requirement = {
				kind = upToNextMajorVersion;
				minimumVersion = 5.0.0;
			};
		};
		F6AA192F28AB85BB00F1876D /* XCRemoteSwiftPackageReference "SwiftyJSON" */ = {
			isa = XCRemoteSwiftPackageReference;
			repositoryURL = "https://github.com/SwiftyJSON/SwiftyJSON.git";
			requirement = {
				kind = upToNextMajorVersion;
				minimumVersion = 5.0.0;
			};
		};
		F6AA193A28ABA3CA00F1876D /* XCRemoteSwiftPackageReference "Kingfisher" */ = {
			isa = XCRemoteSwiftPackageReference;
			repositoryURL = "https://github.com/onevcat/Kingfisher.git";
			requirement = {
				kind = upToNextMajorVersion;
				minimumVersion = 7.0.0;
			};
		};
/* End XCRemoteSwiftPackageReference section */

/* Begin XCSwiftPackageProductDependency section */
		F6AA192D28AB85B000F1876D /* Alamofire */ = {
			isa = XCSwiftPackageProductDependency;
			package = F6AA192C28AB85B000F1876D /* XCRemoteSwiftPackageReference "Alamofire" */;
			productName = Alamofire;
		};
		F6AA193028AB85BB00F1876D /* SwiftyJSON */ = {
			isa = XCSwiftPackageProductDependency;
			package = F6AA192F28AB85BB00F1876D /* XCRemoteSwiftPackageReference "SwiftyJSON" */;
			productName = SwiftyJSON;
		};
		F6AA193B28ABA3CA00F1876D /* Kingfisher */ = {
			isa = XCSwiftPackageProductDependency;
			package = F6AA193A28ABA3CA00F1876D /* XCRemoteSwiftPackageReference "Kingfisher" */;
			productName = Kingfisher;
		};
/* End XCSwiftPackageProductDependency section */
	};
	rootObject = F6AA18FF28AB7C2A00F1876D /* Project object */;
}
